{
  "originHash" : "565035e3bc830e0df269442471c019261284ac60e218a00d2cf8950c1037a837",
  "pins" : [
    {
      "identity" : "ratex",
      "kind" : "remoteSourceControl",
      "location" : "https://github.com/erweixin/RaTeX.git",
      "state" : {
        "revision" : "d7d1bf2818a74ed227f00566c578ee4502b8c48c",
        "version" : "0.1.13"
      }
    }
  ],
  "version" : 3
}
